
Microsoft Visual Studio Solution File, Format Version 12.00
# Visual Studio Version 17
VisualStudioVersion = 17.5.002.0
MinimumVisualStudioVersion = 10.0.40219.1
Project("{9A19103F-16F7-4668-BE54-9A1E7A4F7556}") = "SistemaEstacionamento", "SistemaEstacionamento.csproj", "{0DCED328-F6B6-4583-8873-9DA1A88E7A07}"
EndProject
Global
	GlobalSection(SolutionConfigurationPlatforms) = preSolution
		Debug|Any CPU = Debug|Any CPU
		Release|Any CPU = Release|Any CPU
	EndGlobalSection
	GlobalSection(ProjectConfigurationPlatforms) = postSolution
		{0DCED328-F6B6-4583-8873-9DA1A88E7A07}.Debug|Any CPU.ActiveCfg = Debug|Any CPU
		{0DCED328-F6B6-4583-8873-9DA1A88E7A07}.Debug|Any CPU.Build.0 = Debug|Any CPU
		{0DCED328-F6B6-4583-8873-9DA1A88E7A07}.Release|Any CPU.ActiveCfg = Release|Any CPU
		{0DCED328-F6B6-4583-8873-9DA1A88E7A07}.Release|Any CPU.Build.0 = Release|Any CPU
	EndGlobalSection
	GlobalSection(SolutionProperties) = preSolution
		HideSolutionNode = FALSE
	EndGlobalSection
	GlobalSection(ExtensibilityGlobals) = postSolution
		SolutionGuid = {DDE446DA-E2EA-4A42-8D77-885A820CEA0D}
	EndGlobalSection
EndGlobal
